
Microsoft Visual Studio Solution File, Format Version 12.00
# Visual Studio Version 17
VisualStudioVersion = 17.3.32922.545
MinimumVisualStudioVersion = 10.0.40219.1
Project("{9A19103F-16F7-4668-BE54-9A1E7A4F7556}") = "Api", "ApiDeveloper\Api.csproj", "{35940D31-51EB-41A8-9957-94058CB5275D}"
EndProject
Global
	GlobalSection(SolutionConfigurationPlatforms) = preSolution
		Debug|Any CPU = Debug|Any CPU
		Release|Any CPU = Release|Any CPU
	EndGlobalSection
	GlobalSection(ProjectConfigurationPlatforms) = postSolution
		{35940D31-51EB-41A8-9957-94058CB5275D}.Debug|Any CPU.ActiveCfg = Debug|Any CPU
		{35940D31-51EB-41A8-9957-94058CB5275D}.Debug|Any CPU.Build.0 = Debug|Any CPU
		{35940D31-51EB-41A8-9957-94058CB5275D}.Release|Any CPU.ActiveCfg = Release|Any CPU
		{35940D31-51EB-41A8-9957-94058CB5275D}.Release|Any CPU.Build.0 = Release|Any CPU
	EndGlobalSection
	GlobalSection(SolutionProperties) = preSolution
		HideSolutionNode = FALSE
	EndGlobalSection
	GlobalSection(ExtensibilityGlobals) = postSolution
		SolutionGuid = {81D094F8-FB18-4251-AD45-7A5016B8B8C6}
	EndGlobalSection
EndGlobal
